// !$*UTF8*$!
{
	archiveVersion = 1;
	classes = {
	};
	objectVersion = 50;
	objects = {

/* Begin PBXBuildFile section */
		6C5A4D0125C6894F003F2D6A /* AppDelegate.swift in Sources */ = {isa = PBXBuildFile; fileRef = 6C5A4D0025C6894F003F2D6A /* AppDelegate.swift */; };
		6C5A4D0325C6894F003F2D6A /* SceneDelegate.swift in Sources */ = {isa = PBXBuildFile; fileRef = 6C5A4D0225C6894F003F2D6A /* SceneDelegate.swift */; };
		6C5A4D0525C6894F003F2D6A /* ContentView.swift in Sources */ = {isa = PBXBuildFile; fileRef = 6C5A4D0425C6894F003F2D6A /* ContentView.swift */; };
		6C5A4D0725C68950003F2D6A /* Assets.xcassets in Resources */ = {isa = PBXBuildFile; fileRef = 6C5A4D0625C68950003F2D6A /* Assets.xcassets */; };
		6C5A4D0A25C68950003F2D6A /* Preview Assets.xcassets in Resources */ = {isa = PBXBuildFile; fileRef = 6C5A4D0925C68950003F2D6A /* Preview Assets.xcassets */; };
		6C5A4D0D25C68950003F2D6A /* LaunchScreen.storyboard in Resources */ = {isa = PBXBuildFile; fileRef = 6C5A4D0B25C68950003F2D6A /* LaunchScreen.storyboard */; };
		6C5A4D1725C68B15003F2D6A /* Chapter1_ja.html in Resources */ = {isa = PBXBuildFile; fileRef = 6C5A4D1625C68B15003F2D6A /* Chapter1_ja.html */; };
		6C5A4D1B25C68B3E003F2D6A /* Chapter1.html in Resources */ = {isa = PBXBuildFile; fileRef = 6C5A4D1A25C68B3E003F2D6A /* Chapter1.html */; };
		6C5A4D1E25C68B68003F2D6A /* Chapter2_ja.html in Resources */ = {isa = PBXBuildFile; fileRef = 6C5A4D1D25C68B68003F2D6A /* Chapter2_ja.html */; };
		6C5A4D2125C68B83003F2D6A /* Chapter2.html in Resources */ = {isa = PBXBuildFile; fileRef = 6C5A4D2025C68B83003F2D6A /* Chapter2.html */; };
		6C5A4D2425C68BA5003F2D6A /* Chapter3_ja.html in Resources */ = {isa = PBXBuildFile; fileRef = 6C5A4D2325C68BA5003F2D6A /* Chapter3_ja.html */; };
		6C5A4D2725C68BDE003F2D6A /* Chapter3.html in Resources */ = {isa = PBXBuildFile; fileRef = 6C5A4D2625C68BDE003F2D6A /* Chapter3.html */; };
		6C5A4D2A25C68BF7003F2D6A /* Chapter4_ja.html in Resources */ = {isa = PBXBuildFile; fileRef = 6C5A4D2925C68BF7003F2D6A /* Chapter4_ja.html */; };
		6C5A4D2D25C68C10003F2D6A /* Chapter4.html in Resources */ = {isa = PBXBuildFile; fileRef = 6C5A4D2C25C68C10003F2D6A /* Chapter4.html */; };
		6C5A4D3025C68C2B003F2D6A /* Chapter5_ja.html in Resources */ = {isa = PBXBuildFile; fileRef = 6C5A4D2F25C68C2B003F2D6A /* Chapter5_ja.html */; };
		6C5A4D3325C68C4A003F2D6A /* Chapter5.html in Resources */ = {isa = PBXBuildFile; fileRef = 6C5A4D3225C68C4A003F2D6A /* Chapter5.html */; };
		6C5A4D3625C68C60003F2D6A /* Chapter6_ja.html in Resources */ = {isa = PBXBuildFile; fileRef = 6C5A4D3525C68C60003F2D6A /* Chapter6_ja.html */; };
		6C5A4D3925C68C78003F2D6A /* Chapter6.html in Resources */ = {isa = PBXBuildFile; fileRef = 6C5A4D3825C68C78003F2D6A /* Chapter6.html */; };
		6C5A4D3C25C68C96003F2D6A /* Chapter7_ja.html in Resources */ = {isa = PBXBuildFile; fileRef = 6C5A4D3B25C68C96003F2D6A /* Chapter7_ja.html */; };
		6C5A4D3F25C68CB1003F2D6A /* Chapter7.html in Resources */ = {isa = PBXBuildFile; fileRef = 6C5A4D3E25C68CB1003F2D6A /* Chapter7.html */; };
		6C5A4D4225C68CC9003F2D6A /* Chapter8_ja.html in Resources */ = {isa = PBXBuildFile; fileRef = 6C5A4D4125C68CC9003F2D6A /* Chapter8_ja.html */; };
		6C5A4D4525C68CE1003F2D6A /* Chapter8.html in Resources */ = {isa = PBXBuildFile; fileRef = 6C5A4D4425C68CE1003F2D6A /* Chapter8.html */; };
		6C5A4D4825C68CFA003F2D6A /* help_ja.html in Resources */ = {isa = PBXBuildFile; fileRef = 6C5A4D4725C68CFA003F2D6A /* help_ja.html */; };
		6C5A4D4B25C68D13003F2D6A /* help.html in Resources */ = {isa = PBXBuildFile; fileRef = 6C5A4D4A25C68D13003F2D6A /* help.html */; };
		6C5A4D4E25C68D2C003F2D6A /* index_ja.html in Resources */ = {isa = PBXBuildFile; fileRef = 6C5A4D4D25C68D2C003F2D6A /* index_ja.html */; };
		6C5A4D5125C68D48003F2D6A /* index.html in Resources */ = {isa = PBXBuildFile; fileRef = 6C5A4D5025C68D48003F2D6A /* index.html */; };
		6C5A4D5425C68D63003F2D6A /* PrivacyPolicy_ja.html in Resources */ = {isa = PBXBuildFile; fileRef = 6C5A4D5325C68D63003F2D6A /* PrivacyPolicy_ja.html */; };
		6C5A4D5725C68D7F003F2D6A /* PrivacyPolicy.html in Resources */ = {isa = PBXBuildFile; fileRef = 6C5A4D5625C68D7F003F2D6A /* PrivacyPolicy.html */; };
		6C5A4D5A25C68D99003F2D6A /* TermsOfService_ja.html in Resources */ = {isa = PBXBuildFile; fileRef = 6C5A4D5925C68D99003F2D6A /* TermsOfService_ja.html */; };
		6C5A4D5D25C68DB6003F2D6A /* TermsOfService.html in Resources */ = {isa = PBXBuildFile; fileRef = 6C5A4D5C25C68DB6003F2D6A /* TermsOfService.html */; };
		6C5A4D6025C68DD6003F2D6A /* apps.css in Resources */ = {isa = PBXBuildFile; fileRef = 6C5A4D5F25C68DD6003F2D6A /* apps.css */; };
		6C5A4D6325C68DEF003F2D6A /* style.css in Resources */ = {isa = PBXBuildFile; fileRef = 6C5A4D6225C68DEF003F2D6A /* style.css */; };
		6C5A4D6725C68E4A003F2D6A /* SocTest_splash.png in Resources */ = {isa = PBXBuildFile; fileRef = 6C5A4D6625C68E4A003F2D6A /* SocTest_splash.png */; };
		6C5A4D7E25C68E67003F2D6A /* Connected.png in Resources */ = {isa = PBXBuildFile; fileRef = 6C5A4D6925C68E66003F2D6A /* Connected.png */; };
		6C5A4D7F25C68E67003F2D6A /* ShutdownRd.png in Resources */ = {isa = PBXBuildFile; fileRef = 6C5A4D6A25C68E66003F2D6A /* ShutdownRd.png */; };
		6C5A4D8025C68E67003F2D6A /* question.svg in Resources */ = {isa = PBXBuildFile; fileRef = 6C5A4D6B25C68E66003F2D6A /* question.svg */; };
		6C5A4D8125C68E67003F2D6A /* ConnectionStatus.001.jpeg in Resources */ = {isa = PBXBuildFile; fileRef = 6C5A4D6C25C68E66003F2D6A /* ConnectionStatus.001.jpeg */; };
		6C5A4D8225C68E67003F2D6A /* home.svg in Resources */ = {isa = PBXBuildFile; fileRef = 6C5A4D6D25C68E66003F2D6A /* home.svg */; };
		6C5A4D8325C68E67003F2D6A /* Blocking.png in Resources */ = {isa = PBXBuildFile; fileRef = 6C5A4D6E25C68E66003F2D6A /* Blocking.png */; };
		6C5A4D8425C68E67003F2D6A /* ConnectInProgress.png in Resources */ = {isa = PBXBuildFile; fileRef = 6C5A4D6F25C68E66003F2D6A /* ConnectInProgress.png */; };
		6C5A4D8525C68E67003F2D6A /* mark-github.svg in Resources */ = {isa = PBXBuildFile; fileRef = 6C5A4D7025C68E66003F2D6A /* mark-github.svg */; };
		6C5A4D8625C68E67003F2D6A /* ShutdownRdWr.png in Resources */ = {isa = PBXBuildFile; fileRef = 6C5A4D7125C68E67003F2D6A /* ShutdownRdWr.png */; };
		6C5A4D8725C68E67003F2D6A /* Check.png in Resources */ = {isa = PBXBuildFile; fileRef = 6C5A4D7225C68E67003F2D6A /* Check.png */; };
		6C5A4D8825C68E67003F2D6A /* AboutApp.002.jpeg in Resources */ = {isa = PBXBuildFile; fileRef = 6C5A4D7325C68E67003F2D6A /* AboutApp.002.jpeg */; };
		6C5A4D8925C68E67003F2D6A /* ShutdownWr.png in Resources */ = {isa = PBXBuildFile; fileRef = 6C5A4D7425C68E67003F2D6A /* ShutdownWr.png */; };
		6C5A4D8A25C68E67003F2D6A /* ClientSocket.png in Resources */ = {isa = PBXBuildFile; fileRef = 6C5A4D7525C68E67003F2D6A /* ClientSocket.png */; };
		6C5A4D8B25C68E67003F2D6A /* ConnectError.png in Resources */ = {isa = PBXBuildFile; fileRef = 6C5A4D7625C68E67003F2D6A /* ConnectError.png */; };
		6C5A4D8C25C68E67003F2D6A /* Idle.png in Resources */ = {isa = PBXBuildFile; fileRef = 6C5A4D7725C68E67003F2D6A /* Idle.png */; };
		6C5A4D8D25C68E67003F2D6A /* Listening.png in Resources */ = {isa = PBXBuildFile; fileRef = 6C5A4D7825C68E67003F2D6A /* Listening.png */; };
		6C5A4D8E25C68E67003F2D6A /* AppStore_JP.svg in Resources */ = {isa = PBXBuildFile; fileRef = 6C5A4D7925C68E67003F2D6A /* AppStore_JP.svg */; };
		6C5A4D8F25C68E67003F2D6A /* ServerSocket.png in Resources */ = {isa = PBXBuildFile; fileRef = 6C5A4D7A25C68E67003F2D6A /* ServerSocket.png */; };
		6C5A4D9025C68E67003F2D6A /* AppStore_US.svg in Resources */ = {isa = PBXBuildFile; fileRef = 6C5A4D7B25C68E67003F2D6A /* AppStore_US.svg */; };
		6C5A4D9125C68E67003F2D6A /* NonBlocking.png in Resources */ = {isa = PBXBuildFile; fileRef = 6C5A4D7C25C68E67003F2D6A /* NonBlocking.png */; };
		6C5A4D9225C68E67003F2D6A /* AboutApp.001.jpeg in Resources */ = {isa = PBXBuildFile; fileRef = 6C5A4D7D25C68E67003F2D6A /* AboutApp.001.jpeg */; };
		6C5A4D9725C68FE6003F2D6A /* Localizable.strings in Resources */ = {isa = PBXBuildFile; fileRef = 6C5A4D9925C68FE6003F2D6A /* Localizable.strings */; };
		6C5A4D9F25C69153003F2D6A /* Data+Extension.swift in Sources */ = {isa = PBXBuildFile; fileRef = 6C5A4D9E25C69153003F2D6A /* Data+Extension.swift */; };
		6C5A4DA325C69197003F2D6A /* icmp.swift in Sources */ = {isa = PBXBuildFile; fileRef = 6C5A4DA225C69197003F2D6A /* icmp.swift */; };
		6C5A4DA625C691CF003F2D6A /* SocAddress.swift in Sources */ = {isa = PBXBuildFile; fileRef = 6C5A4DA525C691CF003F2D6A /* SocAddress.swift */; };
		6C5A4DA925C691F8003F2D6A /* SocCmsg.swift in Sources */ = {isa = PBXBuildFile; fileRef = 6C5A4DA825C691F8003F2D6A /* SocCmsg.swift */; };
		6C5A4DAC25C69229003F2D6A /* SocError.swift in Sources */ = {isa = PBXBuildFile; fileRef = 6C5A4DAB25C69229003F2D6A /* SocError.swift */; };
		6C5A4DAF25C69251003F2D6A /* SocLogger.swift in Sources */ = {isa = PBXBuildFile; fileRef = 6C5A4DAE25C69251003F2D6A /* SocLogger.swift */; };
		6C5A4DB225C69270003F2D6A /* SocOptval.swift in Sources */ = {isa = PBXBuildFile; fileRef = 6C5A4DB125C69270003F2D6A /* SocOptval.swift */; };
		6C5A4DB525C6928E003F2D6A /* SocSocket.swift in Sources */ = {isa = PBXBuildFile; fileRef = 6C5A4DB425C6928E003F2D6A /* SocSocket.swift */; };
		6C5A4DB825C692B8003F2D6A /* String+Extension.swift in Sources */ = {isa = PBXBuildFile; fileRef = 6C5A4DB725C692B8003F2D6A /* String+Extension.swift */; };
		6C5A4DBB25C692DA003F2D6A /* UInt8+Extension.swift in Sources */ = {isa = PBXBuildFile; fileRef = 6C5A4DBA25C692DA003F2D6A /* UInt8+Extension.swift */; };
		6C5A4DC325C6934E003F2D6A /* SocTestAddressManager.swift in Sources */ = {isa = PBXBuildFile; fileRef = 6C5A4DC225C6934E003F2D6A /* SocTestAddressManager.swift */; };
		6C5A4DC625C69373003F2D6A /* SocTestAddressRow.swift in Sources */ = {isa = PBXBuildFile; fileRef = 6C5A4DC525C69373003F2D6A /* SocTestAddressRow.swift */; };
		6C5A4DC925C69397003F2D6A /* SocTestCommonRow.swift in Sources */ = {isa = PBXBuildFile; fileRef = 6C5A4DC825C69397003F2D6A /* SocTestCommonRow.swift */; };
		6C5A4DCC25C693B5003F2D6A /* SocTestError.swift in Sources */ = {isa = PBXBuildFile; fileRef = 6C5A4DCB25C693B5003F2D6A /* SocTestError.swift */; };
		6C5A4DCF25C693CF003F2D6A /* SocTestFullView.swift in Sources */ = {isa = PBXBuildFile; fileRef = 6C5A4DCE25C693CF003F2D6A /* SocTestFullView.swift */; };
		6C5A4DD225C693E9003F2D6A /* SocTestFunction.swift in Sources */ = {isa = PBXBuildFile; fileRef = 6C5A4DD125C693E9003F2D6A /* SocTestFunction.swift */; };
		6C5A4DD525C69405003F2D6A /* SocTestInterface.swift in Sources */ = {isa = PBXBuildFile; fileRef = 6C5A4DD425C69405003F2D6A /* SocTestInterface.swift */; };
		6C5A4DD825C69421003F2D6A /* SocTestInterfaceConfiguration.swift in Sources */ = {isa = PBXBuildFile; fileRef = 6C5A4DD725C69421003F2D6A /* SocTestInterfaceConfiguration.swift */; };
		6C5A4DDB25C69439003F2D6A /* SocTestIO.swift in Sources */ = {isa = PBXBuildFile; fileRef = 6C5A4DDA25C69439003F2D6A /* SocTestIO.swift */; };
		6C5A4DDE25C69456003F2D6A /* SocTestIOData.swift in Sources */ = {isa = PBXBuildFile; fileRef = 6C5A4DDD25C69456003F2D6A /* SocTestIOData.swift */; };
		6C5A4DE125C69473003F2D6A /* SocTestIODataManager.swift in Sources */ = {isa = PBXBuildFile; fileRef = 6C5A4DE025C69473003F2D6A /* SocTestIODataManager.swift */; };
		6C5A4DE425C6948F003F2D6A /* SocTestIODataRow.swift in Sources */ = {isa = PBXBuildFile; fileRef = 6C5A4DE325C6948F003F2D6A /* SocTestIODataRow.swift */; };
		6C5A4DE725C694A7003F2D6A /* SocTestMenu.swift in Sources */ = {isa = PBXBuildFile; fileRef = 6C5A4DE625C694A7003F2D6A /* SocTestMenu.swift */; };
		6C5A4DEA25C694C0003F2D6A /* SocTestOption.swift in Sources */ = {isa = PBXBuildFile; fileRef = 6C5A4DE925C694C0003F2D6A /* SocTestOption.swift */; };
		6C5A4DED25C694D8003F2D6A /* SocTestScreen.swift in Sources */ = {isa = PBXBuildFile; fileRef = 6C5A4DEC25C694D8003F2D6A /* SocTestScreen.swift */; };
		6C5A4DF025C694F6003F2D6A /* SocTestSharedObject.swift in Sources */ = {isa = PBXBuildFile; fileRef = 6C5A4DEF25C694F6003F2D6A /* SocTestSharedObject.swift */; };
		6C5A4DF325C69512003F2D6A /* SocTestSocketSimulator.swift in Sources */ = {isa = PBXBuildFile; fileRef = 6C5A4DF225C69512003F2D6A /* SocTestSocketSimulator.swift */; };
		6C5A4E0E25C7E100003F2D6A /* ScreenShot5_ja.jpeg in Resources */ = {isa = PBXBuildFile; fileRef = 6C5A4DFA25C7E0FF003F2D6A /* ScreenShot5_ja.jpeg */; };
		6C5A4E0F25C7E100003F2D6A /* ScreenShot9.jpeg in Resources */ = {isa = PBXBuildFile; fileRef = 6C5A4DFB25C7E0FF003F2D6A /* ScreenShot9.jpeg */; };
		6C5A4E1025C7E100003F2D6A /* ScreenShot2.jpeg in Resources */ = {isa = PBXBuildFile; fileRef = 6C5A4DFC25C7E0FF003F2D6A /* ScreenShot2.jpeg */; };
		6C5A4E1125C7E100003F2D6A /* ScreenShot9_ja.jpeg in Resources */ = {isa = PBXBuildFile; fileRef = 6C5A4DFD25C7E0FF003F2D6A /* ScreenShot9_ja.jpeg */; };
		6C5A4E1225C7E100003F2D6A /* ScreenShot7_ja.jpeg in Resources */ = {isa = PBXBuildFile; fileRef = 6C5A4DFE25C7E100003F2D6A /* ScreenShot7_ja.jpeg */; };
		6C5A4E1725C7E100003F2D6A /* ScreenShot3_ja.jpeg in Resources */ = {isa = PBXBuildFile; fileRef = 6C5A4E0325C7E100003F2D6A /* ScreenShot3_ja.jpeg */; };
		6C5A4E1825C7E100003F2D6A /* ScreenShot1_ja.jpeg in Resources */ = {isa = PBXBuildFile; fileRef = 6C5A4E0425C7E100003F2D6A /* ScreenShot1_ja.jpeg */; };
		6C5A4E1925C7E100003F2D6A /* ScreenShot4.jpeg in Resources */ = {isa = PBXBuildFile; fileRef = 6C5A4E0525C7E100003F2D6A /* ScreenShot4.jpeg */; };
		6C5A4E1A25C7E100003F2D6A /* ScreenShot8.jpeg in Resources */ = {isa = PBXBuildFile; fileRef = 6C5A4E0625C7E100003F2D6A /* ScreenShot8.jpeg */; };
		6C5A4E1B25C7E100003F2D6A /* ScreenShot2_ja.jpeg in Resources */ = {isa = PBXBuildFile; fileRef = 6C5A4E0725C7E100003F2D6A /* ScreenShot2_ja.jpeg */; };
		6C5A4E1C25C7E100003F2D6A /* ScreenShot8_ja.jpeg in Resources */ = {isa = PBXBuildFile; fileRef = 6C5A4E0825C7E100003F2D6A /* ScreenShot8_ja.jpeg */; };
		6C5A4E1D25C7E100003F2D6A /* ScreenShot1.jpeg in Resources */ = {isa = PBXBuildFile; fileRef = 6C5A4E0925C7E100003F2D6A /* ScreenShot1.jpeg */; };
		6C5A4E1E25C7E100003F2D6A /* ScreenShot4_ja.jpeg in Resources */ = {isa = PBXBuildFile; fileRef = 6C5A4E0A25C7E100003F2D6A /* ScreenShot4_ja.jpeg */; };
		6C5A4E1F25C7E100003F2D6A /* ScreenShot5.jpeg in Resources */ = {isa = PBXBuildFile; fileRef = 6C5A4E0B25C7E100003F2D6A /* ScreenShot5.jpeg */; };
		6C5A4E2025C7E100003F2D6A /* ScreenShot3.jpeg in Resources */ = {isa = PBXBuildFile; fileRef = 6C5A4E0C25C7E100003F2D6A /* ScreenShot3.jpeg */; };
		6C5A4E2125C7E100003F2D6A /* ScreenShot7.jpeg in Resources */ = {isa = PBXBuildFile; fileRef = 6C5A4E0D25C7E100003F2D6A /* ScreenShot7.jpeg */; };
		6C5A4E2925C7E294003F2D6A /* ScreenShot10_ja.jpeg in Resources */ = {isa = PBXBuildFile; fileRef = 6C5A4E2525C7E294003F2D6A /* ScreenShot10_ja.jpeg */; };
		6C5A4E2A25C7E294003F2D6A /* ScreenShot6_ja.jpeg in Resources */ = {isa = PBXBuildFile; fileRef = 6C5A4E2625C7E294003F2D6A /* ScreenShot6_ja.jpeg */; };
		6C5A4E2B25C7E294003F2D6A /* ScreenShot6.jpeg in Resources */ = {isa = PBXBuildFile; fileRef = 6C5A4E2725C7E294003F2D6A /* ScreenShot6.jpeg */; };
		6C5A4E2C25C7E294003F2D6A /* ScreenShot10.jpeg in Resources */ = {isa = PBXBuildFile; fileRef = 6C5A4E2825C7E294003F2D6A /* ScreenShot10.jpeg */; };
/* End PBXBuildFile section */

/* Begin PBXFileReference section */
		6C5A4CFD25C6894E003F2D6A /* SocTest.app */ = {isa = PBXFileReference; explicitFileType = wrapper.application; includeInIndex = 0; path = SocTest.app; sourceTree = BUILT_PRODUCTS_DIR; };
		6C5A4D0025C6894F003F2D6A /* AppDelegate.swift */ = {isa = PBXFileReference; lastKnownFileType = sourcecode.swift; path = AppDelegate.swift; sourceTree = "<group>"; };
		6C5A4D0225C6894F003F2D6A /* SceneDelegate.swift */ = {isa = PBXFileReference; lastKnownFileType = sourcecode.swift; path = SceneDelegate.swift; sourceTree = "<group>"; };
		6C5A4D0425C6894F003F2D6A /* ContentView.swift */ = {isa = PBXFileReference; lastKnownFileType = sourcecode.swift; path = ContentView.swift; sourceTree = "<group>"; };
		6C5A4D0625C68950003F2D6A /* Assets.xcassets */ = {isa = PBXFileReference; lastKnownFileType = folder.assetcatalog; path = Assets.xcassets; sourceTree = "<group>"; };
		6C5A4D0925C68950003F2D6A /* Preview Assets.xcassets */ = {isa = PBXFileReference; lastKnownFileType = folder.assetcatalog; path = "Preview Assets.xcassets"; sourceTree = "<group>"; };
		6C5A4D0C25C68950003F2D6A /* Base */ = {isa = PBXFileReference; lastKnownFileType = file.storyboard; name = Base; path = Base.lproj/LaunchScreen.storyboard; sourceTree = "<group>"; };
		6C5A4D0E25C68950003F2D6A /* Info.plist */ = {isa = PBXFileReference; lastKnownFileType = text.plist.xml; path = Info.plist; sourceTree = "<group>"; };
		6C5A4D1625C68B15003F2D6A /* Chapter1_ja.html */ = {isa = PBXFileReference; lastKnownFileType = text.html; path = Chapter1_ja.html; sourceTree = "<group>"; };
		6C5A4D1A25C68B3E003F2D6A /* Chapter1.html */ = {isa = PBXFileReference; lastKnownFileType = text.html; path = Chapter1.html; sourceTree = "<group>"; };
		6C5A4D1D25C68B68003F2D6A /* Chapter2_ja.html */ = {isa = PBXFileReference; lastKnownFileType = text.html; path = Chapter2_ja.html; sourceTree = "<group>"; };
		6C5A4D2025C68B83003F2D6A /* Chapter2.html */ = {isa = PBXFileReference; lastKnownFileType = text.html; path = Chapter2.html; sourceTree = "<group>"; };
		6C5A4D2325C68BA5003F2D6A /* Chapter3_ja.html */ = {isa = PBXFileReference; lastKnownFileType = text.html; path = Chapter3_ja.html; sourceTree = "<group>"; };
		6C5A4D2625C68BDE003F2D6A /* Chapter3.html */ = {isa = PBXFileReference; lastKnownFileType = text.html; path = Chapter3.html; sourceTree = "<group>"; };
		6C5A4D2925C68BF7003F2D6A /* Chapter4_ja.html */ = {isa = PBXFileReference; lastKnownFileType = text.html; path = Chapter4_ja.html; sourceTree = "<group>"; };
		6C5A4D2C25C68C10003F2D6A /* Chapter4.html */ = {isa = PBXFileReference; lastKnownFileType = text.html; path = Chapter4.html; sourceTree = "<group>"; };
		6C5A4D2F25C68C2B003F2D6A /* Chapter5_ja.html */ = {isa = PBXFileReference; lastKnownFileType = text.html; path = Chapter5_ja.html; sourceTree = "<group>"; };
		6C5A4D3225C68C4A003F2D6A /* Chapter5.html */ = {isa = PBXFileReference; lastKnownFileType = text.html; path = Chapter5.html; sourceTree = "<group>"; };
		6C5A4D3525C68C60003F2D6A /* Chapter6_ja.html */ = {isa = PBXFileReference; lastKnownFileType = text.html; path = Chapter6_ja.html; sourceTree = "<group>"; };
		6C5A4D3825C68C78003F2D6A /* Chapter6.html */ = {isa = PBXFileReference; lastKnownFileType = text.html; path = Chapter6.html; sourceTree = "<group>"; };
		6C5A4D3B25C68C96003F2D6A /* Chapter7_ja.html */ = {isa = PBXFileReference; lastKnownFileType = text.html; path = Chapter7_ja.html; sourceTree = "<group>"; };
		6C5A4D3E25C68CB1003F2D6A /* Chapter7.html */ = {isa = PBXFileReference; lastKnownFileType = text.html; path = Chapter7.html; sourceTree = "<group>"; };
		6C5A4D4125C68CC9003F2D6A /* Chapter8_ja.html */ = {isa = PBXFileReference; lastKnownFileType = text.html; path = Chapter8_ja.html; sourceTree = "<group>"; };
		6C5A4D4425C68CE1003F2D6A /* Chapter8.html */ = {isa = PBXFileReference; lastKnownFileType = text.html; path = Chapter8.html; sourceTree = "<group>"; };
		6C5A4D4725C68CFA003F2D6A /* help_ja.html */ = {isa = PBXFileReference; lastKnownFileType = text.html; path = help_ja.html; sourceTree = "<group>"; };
		6C5A4D4A25C68D13003F2D6A /* help.html */ = {isa = PBXFileReference; lastKnownFileType = text.html; path = help.html; sourceTree = "<group>"; };
		6C5A4D4D25C68D2C003F2D6A /* index_ja.html */ = {isa = PBXFileReference; lastKnownFileType = text.html; path = index_ja.html; sourceTree = "<group>"; };
		6C5A4D5025C68D48003F2D6A /* index.html */ = {isa = PBXFileReference; lastKnownFileType = text.html; path = index.html; sourceTree = "<group>"; };
		6C5A4D5325C68D63003F2D6A /* PrivacyPolicy_ja.html */ = {isa = PBXFileReference; lastKnownFileType = text.html; path = PrivacyPolicy_ja.html; sourceTree = "<group>"; };
		6C5A4D5625C68D7F003F2D6A /* PrivacyPolicy.html */ = {isa = PBXFileReference; lastKnownFileType = text.html; path = PrivacyPolicy.html; sourceTree = "<group>"; };
		6C5A4D5925C68D99003F2D6A /* TermsOfService_ja.html */ = {isa = PBXFileReference; lastKnownFileType = text.html; path = TermsOfService_ja.html; sourceTree = "<group>"; };
		6C5A4D5C25C68DB6003F2D6A /* TermsOfService.html */ = {isa = PBXFileReference; lastKnownFileType = text.html; path = TermsOfService.html; sourceTree = "<group>"; };
		6C5A4D5F25C68DD6003F2D6A /* apps.css */ = {isa = PBXFileReference; lastKnownFileType = text.css; path = apps.css; sourceTree = "<group>"; };
		6C5A4D6225C68DEF003F2D6A /* style.css */ = {isa = PBXFileReference; lastKnownFileType = text.css; path = style.css; sourceTree = "<group>"; };
		6C5A4D6625C68E4A003F2D6A /* SocTest_splash.png */ = {isa = PBXFileReference; lastKnownFileType = image.png; path = SocTest_splash.png; sourceTree = "<group>"; };
		6C5A4D6925C68E66003F2D6A /* Connected.png */ = {isa = PBXFileReference; lastKnownFileType = image.png; path = Connected.png; sourceTree = "<group>"; };
		6C5A4D6A25C68E66003F2D6A /* ShutdownRd.png */ = {isa = PBXFileReference; lastKnownFileType = image.png; path = ShutdownRd.png; sourceTree = "<group>"; };
		6C5A4D6B25C68E66003F2D6A /* question.svg */ = {isa = PBXFileReference; fileEncoding = 4; lastKnownFileType = text; path = question.svg; sourceTree = "<group>"; };
		6C5A4D6C25C68E66003F2D6A /* ConnectionStatus.001.jpeg */ = {isa = PBXFileReference; lastKnownFileType = image.jpeg; path = ConnectionStatus.001.jpeg; sourceTree = "<group>"; };
		6C5A4D6D25C68E66003F2D6A /* home.svg */ = {isa = PBXFileReference; fileEncoding = 4; lastKnownFileType = text; path = home.svg; sourceTree = "<group>"; };
		6C5A4D6E25C68E66003F2D6A /* Blocking.png */ = {isa = PBXFileReference; lastKnownFileType = image.png; path = Blocking.png; sourceTree = "<group>"; };
		6C5A4D6F25C68E66003F2D6A /* ConnectInProgress.png */ = {isa = PBXFileReference; lastKnownFileType = image.png; path = ConnectInProgress.png; sourceTree = "<group>"; };
		6C5A4D7025C68E66003F2D6A /* mark-github.svg */ = {isa = PBXFileReference; fileEncoding = 4; lastKnownFileType = text; path = "mark-github.svg"; sourceTree = "<group>"; };
		6C5A4D7125C68E67003F2D6A /* ShutdownRdWr.png */ = {isa = PBXFileReference; lastKnownFileType = image.png; path = ShutdownRdWr.png; sourceTree = "<group>"; };
		6C5A4D7225C68E67003F2D6A /* Check.png */ = {isa = PBXFileReference; lastKnownFileType = image.png; path = Check.png; sourceTree = "<group>"; };
		6C5A4D7325C68E67003F2D6A /* AboutApp.002.jpeg */ = {isa = PBXFileReference; lastKnownFileType = image.jpeg; path = AboutApp.002.jpeg; sourceTree = "<group>"; };
		6C5A4D7425C68E67003F2D6A /* ShutdownWr.png */ = {isa = PBXFileReference; lastKnownFileType = image.png; path = ShutdownWr.png; sourceTree = "<group>"; };
		6C5A4D7525C68E67003F2D6A /* ClientSocket.png */ = {isa = PBXFileReference; lastKnownFileType = image.png; path = ClientSocket.png; sourceTree = "<group>"; };
		6C5A4D7625C68E67003F2D6A /* ConnectError.png */ = {isa = PBXFileReference; lastKnownFileType = image.png; path = ConnectError.png; sourceTree = "<group>"; };
		6C5A4D7725C68E67003F2D6A /* Idle.png */ = {isa = PBXFileReference; lastKnownFileType = image.png; path = Idle.png; sourceTree = "<group>"; };
		6C5A4D7825C68E67003F2D6A /* Listening.png */ = {isa = PBXFileReference; lastKnownFileType = image.png; path = Listening.png; sourceTree = "<group>"; };
		6C5A4D7925C68E67003F2D6A /* AppStore_JP.svg */ = {isa = PBXFileReference; fileEncoding = 4; lastKnownFileType = text; path = AppStore_JP.svg; sourceTree = "<group>"; };
		6C5A4D7A25C68E67003F2D6A /* ServerSocket.png */ = {isa = PBXFileReference; lastKnownFileType = image.png; path = ServerSocket.png; sourceTree = "<group>"; };
		6C5A4D7B25C68E67003F2D6A /* AppStore_US.svg */ = {isa = PBXFileReference; fileEncoding = 4; lastKnownFileType = text; path = AppStore_US.svg; sourceTree = "<group>"; };
		6C5A4D7C25C68E67003F2D6A /* NonBlocking.png */ = {isa = PBXFileReference; lastKnownFileType = image.png; path = NonBlocking.png; sourceTree = "<group>"; };
		6C5A4D7D25C68E67003F2D6A /* AboutApp.001.jpeg */ = {isa = PBXFileReference; lastKnownFileType = image.jpeg; path = AboutApp.001.jpeg; sourceTree = "<group>"; };
		6C5A4D9825C68FE6003F2D6A /* en */ = {isa = PBXFileReference; lastKnownFileType = text.plist.strings; name = en; path = en.lproj/Localizable.strings; sourceTree = "<group>"; };
		6C5A4D9B25C69016003F2D6A /* ja */ = {isa = PBXFileReference; lastKnownFileType = text.plist.strings; name = ja; path = ja.lproj/Localizable.strings; sourceTree = "<group>"; };
		6C5A4D9E25C69153003F2D6A /* Data+Extension.swift */ = {isa = PBXFileReference; lastKnownFileType = sourcecode.swift; path = "Data+Extension.swift"; sourceTree = "<group>"; };
		6C5A4DA225C69197003F2D6A /* icmp.swift */ = {isa = PBXFileReference; lastKnownFileType = sourcecode.swift; path = icmp.swift; sourceTree = "<group>"; };
		6C5A4DA525C691CF003F2D6A /* SocAddress.swift */ = {isa = PBXFileReference; lastKnownFileType = sourcecode.swift; path = SocAddress.swift; sourceTree = "<group>"; };
		6C5A4DA825C691F8003F2D6A /* SocCmsg.swift */ = {isa = PBXFileReference; lastKnownFileType = sourcecode.swift; path = SocCmsg.swift; sourceTree = "<group>"; };
		6C5A4DAB25C69229003F2D6A /* SocError.swift */ = {isa = PBXFileReference; lastKnownFileType = sourcecode.swift; path = SocError.swift; sourceTree = "<group>"; };
		6C5A4DAE25C69251003F2D6A /* SocLogger.swift */ = {isa = PBXFileReference; lastKnownFileType = sourcecode.swift; path = SocLogger.swift; sourceTree = "<group>"; };
		6C5A4DB125C69270003F2D6A /* SocOptval.swift */ = {isa = PBXFileReference; lastKnownFileType = sourcecode.swift; path = SocOptval.swift; sourceTree = "<group>"; };
		6C5A4DB425C6928E003F2D6A /* SocSocket.swift */ = {isa = PBXFileReference; lastKnownFileType = sourcecode.swift; path = SocSocket.swift; sourceTree = "<group>"; };
		6C5A4DB725C692B8003F2D6A /* String+Extension.swift */ = {isa = PBXFileReference; lastKnownFileType = sourcecode.swift; path = "String+Extension.swift"; sourceTree = "<group>"; };
		6C5A4DBA25C692DA003F2D6A /* UInt8+Extension.swift */ = {isa = PBXFileReference; lastKnownFileType = sourcecode.swift; path = "UInt8+Extension.swift"; sourceTree = "<group>"; };
		6C5A4DBD25C69328003F2D6A /* SocTest-Bridging-Header.h */ = {isa = PBXFileReference; lastKnownFileType = sourcecode.c.h; path = "SocTest-Bridging-Header.h"; sourceTree = "<group>"; };
		6C5A4DC225C6934E003F2D6A /* SocTestAddressManager.swift */ = {isa = PBXFileReference; lastKnownFileType = sourcecode.swift; path = SocTestAddressManager.swift; sourceTree = "<group>"; };
		6C5A4DC525C69373003F2D6A /* SocTestAddressRow.swift */ = {isa = PBXFileReference; lastKnownFileType = sourcecode.swift; path = SocTestAddressRow.swift; sourceTree = "<group>"; };
		6C5A4DC825C69397003F2D6A /* SocTestCommonRow.swift */ = {isa = PBXFileReference; lastKnownFileType = sourcecode.swift; path = SocTestCommonRow.swift; sourceTree = "<group>"; };
		6C5A4DCB25C693B5003F2D6A /* SocTestError.swift */ = {isa = PBXFileReference; lastKnownFileType = sourcecode.swift; path = SocTestError.swift; sourceTree = "<group>"; };
		6C5A4DCE25C693CF003F2D6A /* SocTestFullView.swift */ = {isa = PBXFileReference; lastKnownFileType = sourcecode.swift; path = SocTestFullView.swift; sourceTree = "<group>"; };
		6C5A4DD125C693E9003F2D6A /* SocTestFunction.swift */ = {isa = PBXFileReference; lastKnownFileType = sourcecode.swift; path = SocTestFunction.swift; sourceTree = "<group>"; };
		6C5A4DD425C69405003F2D6A /* SocTestInterface.swift */ = {isa = PBXFileReference; lastKnownFileType = sourcecode.swift; path = SocTestInterface.swift; sourceTree = "<group>"; };
		6C5A4DD725C69421003F2D6A /* SocTestInterfaceConfiguration.swift */ = {isa = PBXFileReference; lastKnownFileType = sourcecode.swift; path = SocTestInterfaceConfiguration.swift; sourceTree = "<group>"; };
		6C5A4DDA25C69439003F2D6A /* SocTestIO.swift */ = {isa = PBXFileReference; lastKnownFileType = sourcecode.swift; path = SocTestIO.swift; sourceTree = "<group>"; };
		6C5A4DDD25C69456003F2D6A /* SocTestIOData.swift */ = {isa = PBXFileReference; lastKnownFileType = sourcecode.swift; path = SocTestIOData.swift; sourceTree = "<group>"; };
		6C5A4DE025C69473003F2D6A /* SocTestIODataManager.swift */ = {isa = PBXFileReference; lastKnownFileType = sourcecode.swift; path = SocTestIODataManager.swift; sourceTree = "<group>"; };
		6C5A4DE325C6948F003F2D6A /* SocTestIODataRow.swift */ = {isa = PBXFileReference; lastKnownFileType = sourcecode.swift; path = SocTestIODataRow.swift; sourceTree = "<group>"; };
		6C5A4DE625C694A7003F2D6A /* SocTestMenu.swift */ = {isa = PBXFileReference; lastKnownFileType = sourcecode.swift; path = SocTestMenu.swift; sourceTree = "<group>"; };
		6C5A4DE925C694C0003F2D6A /* SocTestOption.swift */ = {isa = PBXFileReference; lastKnownFileType = sourcecode.swift; path = SocTestOption.swift; sourceTree = "<group>"; };
		6C5A4DEC25C694D8003F2D6A /* SocTestScreen.swift */ = {isa = PBXFileReference; lastKnownFileType = sourcecode.swift; path = SocTestScreen.swift; sourceTree = "<group>"; };
		6C5A4DEF25C694F6003F2D6A /* SocTestSharedObject.swift */ = {isa = PBXFileReference; lastKnownFileType = sourcecode.swift; path = SocTestSharedObject.swift; sourceTree = "<group>"; };
		6C5A4DF225C69512003F2D6A /* SocTestSocketSimulator.swift */ = {isa = PBXFileReference; lastKnownFileType = sourcecode.swift; path = SocTestSocketSimulator.swift; sourceTree = "<group>"; };
		6C5A4DFA25C7E0FF003F2D6A /* ScreenShot5_ja.jpeg */ = {isa = PBXFileReference; lastKnownFileType = image.jpeg; path = ScreenShot5_ja.jpeg; sourceTree = "<group>"; };
		6C5A4DFB25C7E0FF003F2D6A /* ScreenShot9.jpeg */ = {isa = PBXFileReference; lastKnownFileType = image.jpeg; path = ScreenShot9.jpeg; sourceTree = "<group>"; };
		6C5A4DFC25C7E0FF003F2D6A /* ScreenShot2.jpeg */ = {isa = PBXFileReference; lastKnownFileType = image.jpeg; path = ScreenShot2.jpeg; sourceTree = "<group>"; };
		6C5A4DFD25C7E0FF003F2D6A /* ScreenShot9_ja.jpeg */ = {isa = PBXFileReference; lastKnownFileType = image.jpeg; path = ScreenShot9_ja.jpeg; sourceTree = "<group>"; };
		6C5A4DFE25C7E100003F2D6A /* ScreenShot7_ja.jpeg */ = {isa = PBXFileReference; lastKnownFileType = image.jpeg; path = ScreenShot7_ja.jpeg; sourceTree = "<group>"; };
		6C5A4E0325C7E100003F2D6A /* ScreenShot3_ja.jpeg */ = {isa = PBXFileReference; lastKnownFileType = image.jpeg; path = ScreenShot3_ja.jpeg; sourceTree = "<group>"; };
		6C5A4E0425C7E100003F2D6A /* ScreenShot1_ja.jpeg */ = {isa = PBXFileReference; lastKnownFileType = image.jpeg; path = ScreenShot1_ja.jpeg; sourceTree = "<group>"; };
		6C5A4E0525C7E100003F2D6A /* ScreenShot4.jpeg */ = {isa = PBXFileReference; lastKnownFileType = image.jpeg; path = ScreenShot4.jpeg; sourceTree = "<group>"; };
		6C5A4E0625C7E100003F2D6A /* ScreenShot8.jpeg */ = {isa = PBXFileReference; lastKnownFileType = image.jpeg; path = ScreenShot8.jpeg; sourceTree = "<group>"; };
		6C5A4E0725C7E100003F2D6A /* ScreenShot2_ja.jpeg */ = {isa = PBXFileReference; lastKnownFileType = image.jpeg; path = ScreenShot2_ja.jpeg; sourceTree = "<group>"; };
		6C5A4E0825C7E100003F2D6A /* ScreenShot8_ja.jpeg */ = {isa = PBXFileReference; lastKnownFileType = image.jpeg; path = ScreenShot8_ja.jpeg; sourceTree = "<group>"; };
		6C5A4E0925C7E100003F2D6A /* ScreenShot1.jpeg */ = {isa = PBXFileReference; lastKnownFileType = image.jpeg; path = ScreenShot1.jpeg; sourceTree = "<group>"; };
		6C5A4E0A25C7E100003F2D6A /* ScreenShot4_ja.jpeg */ = {isa = PBXFileReference; lastKnownFileType = image.jpeg; path = ScreenShot4_ja.jpeg; sourceTree = "<group>"; };
		6C5A4E0B25C7E100003F2D6A /* ScreenShot5.jpeg */ = {isa = PBXFileReference; lastKnownFileType = image.jpeg; path = ScreenShot5.jpeg; sourceTree = "<group>"; };
		6C5A4E0C25C7E100003F2D6A /* ScreenShot3.jpeg */ = {isa = PBXFileReference; lastKnownFileType = image.jpeg; path = ScreenShot3.jpeg; sourceTree = "<group>"; };
		6C5A4E0D25C7E100003F2D6A /* ScreenShot7.jpeg */ = {isa = PBXFileReference; lastKnownFileType = image.jpeg; path = ScreenShot7.jpeg; sourceTree = "<group>"; };
		6C5A4E2525C7E294003F2D6A /* ScreenShot10_ja.jpeg */ = {isa = PBXFileReference; lastKnownFileType = image.jpeg; path = ScreenShot10_ja.jpeg; sourceTree = "<group>"; };
		6C5A4E2625C7E294003F2D6A /* ScreenShot6_ja.jpeg */ = {isa = PBXFileReference; lastKnownFileType = image.jpeg; path = ScreenShot6_ja.jpeg; sourceTree = "<group>"; };
		6C5A4E2725C7E294003F2D6A /* ScreenShot6.jpeg */ = {isa = PBXFileReference; lastKnownFileType = image.jpeg; path = ScreenShot6.jpeg; sourceTree = "<group>"; };
		6C5A4E2825C7E294003F2D6A /* ScreenShot10.jpeg */ = {isa = PBXFileReference; lastKnownFileType = image.jpeg; path = ScreenShot10.jpeg; sourceTree = "<group>"; };
/* End PBXFileReference section */

/* Begin PBXFrameworksBuildPhase section */
		6C5A4CFA25C6894E003F2D6A /* Frameworks */ = {
			isa = PBXFrameworksBuildPhase;
			buildActionMask = 2147483647;
			files = (
			);
			runOnlyForDeploymentPostprocessing = 0;
		};
/* End PBXFrameworksBuildPhase section */

/* Begin PBXGroup section */
		6C5A4CF425C6894E003F2D6A = {
			isa = PBXGroup;
			children = (
				6C5A4D1525C68ADC003F2D6A /* docs */,
				6C5A4CFF25C6894E003F2D6A /* SocTest */,
				6C5A4CFE25C6894E003F2D6A /* Products */,
			);
			sourceTree = "<group>";
		};
		6C5A4CFE25C6894E003F2D6A /* Products */ = {
			isa = PBXGroup;
			children = (
				6C5A4CFD25C6894E003F2D6A /* SocTest.app */,
			);
			name = Products;
			sourceTree = "<group>";
		};
		6C5A4CFF25C6894E003F2D6A /* SocTest */ = {
			isa = PBXGroup;
			children = (
				6C5A4D0025C6894F003F2D6A /* AppDelegate.swift */,
				6C5A4D0225C6894F003F2D6A /* SceneDelegate.swift */,
				6C5A4DBD25C69328003F2D6A /* SocTest-Bridging-Header.h */,
				6C5A4DEF25C694F6003F2D6A /* SocTestSharedObject.swift */,
				6C5A4DCB25C693B5003F2D6A /* SocTestError.swift */,
				6C5A4DD425C69405003F2D6A /* SocTestInterface.swift */,
				6C5A4DDD25C69456003F2D6A /* SocTestIOData.swift */,
				6C5A4DC825C69397003F2D6A /* SocTestCommonRow.swift */,
				6C5A4DC525C69373003F2D6A /* SocTestAddressRow.swift */,
				6C5A4DE325C6948F003F2D6A /* SocTestIODataRow.swift */,
				6C5A4DEC25C694D8003F2D6A /* SocTestScreen.swift */,
				6C5A4DCE25C693CF003F2D6A /* SocTestFullView.swift */,
				6C5A4D0425C6894F003F2D6A /* ContentView.swift */,
				6C5A4DF225C69512003F2D6A /* SocTestSocketSimulator.swift */,
				6C5A4DD125C693E9003F2D6A /* SocTestFunction.swift */,
				6C5A4DE925C694C0003F2D6A /* SocTestOption.swift */,
				6C5A4DDA25C69439003F2D6A /* SocTestIO.swift */,
				6C5A4DD725C69421003F2D6A /* SocTestInterfaceConfiguration.swift */,
				6C5A4DC225C6934E003F2D6A /* SocTestAddressManager.swift */,
				6C5A4DE025C69473003F2D6A /* SocTestIODataManager.swift */,
				6C5A4DE625C694A7003F2D6A /* SocTestMenu.swift */,
				6C5A4D9D25C6912E003F2D6A /* LibSoc */,
				6C5A4D0625C68950003F2D6A /* Assets.xcassets */,
				6C5A4D0B25C68950003F2D6A /* LaunchScreen.storyboard */,
				6C5A4D0E25C68950003F2D6A /* Info.plist */,
				6C5A4D0825C68950003F2D6A /* Preview Content */,
				6C5A4D9925C68FE6003F2D6A /* Localizable.strings */,
			);
			path = SocTest;
			sourceTree = "<group>";
		};
		6C5A4D0825C68950003F2D6A /* Preview Content */ = {
			isa = PBXGroup;
			children = (
				6C5A4D0925C68950003F2D6A /* Preview Assets.xcassets */,
			);
			path = "Preview Content";
			sourceTree = "<group>";
		};
		6C5A4D1525C68ADC003F2D6A /* docs */ = {
			isa = PBXGroup;
			children = (
				6C5A4D6525C68E33003F2D6A /* img */,
				6C5A4D4D25C68D2C003F2D6A /* index_ja.html */,
				6C5A4D5025C68D48003F2D6A /* index.html */,
				6C5A4D5325C68D63003F2D6A /* PrivacyPolicy_ja.html */,
				6C5A4D5625C68D7F003F2D6A /* PrivacyPolicy.html */,
				6C5A4D5925C68D99003F2D6A /* TermsOfService_ja.html */,
				6C5A4D5C25C68DB6003F2D6A /* TermsOfService.html */,
				6C5A4D4725C68CFA003F2D6A /* help_ja.html */,
				6C5A4D4A25C68D13003F2D6A /* help.html */,
				6C5A4D1625C68B15003F2D6A /* Chapter1_ja.html */,
				6C5A4D1A25C68B3E003F2D6A /* Chapter1.html */,
				6C5A4D1D25C68B68003F2D6A /* Chapter2_ja.html */,
				6C5A4D2025C68B83003F2D6A /* Chapter2.html */,
				6C5A4D2325C68BA5003F2D6A /* Chapter3_ja.html */,
				6C5A4D2625C68BDE003F2D6A /* Chapter3.html */,
				6C5A4D2925C68BF7003F2D6A /* Chapter4_ja.html */,
				6C5A4D2C25C68C10003F2D6A /* Chapter4.html */,
				6C5A4D2F25C68C2B003F2D6A /* Chapter5_ja.html */,
				6C5A4D3225C68C4A003F2D6A /* Chapter5.html */,
				6C5A4D3525C68C60003F2D6A /* Chapter6_ja.html */,
				6C5A4D3825C68C78003F2D6A /* Chapter6.html */,
				6C5A4D3B25C68C96003F2D6A /* Chapter7_ja.html */,
				6C5A4D3E25C68CB1003F2D6A /* Chapter7.html */,
				6C5A4D4125C68CC9003F2D6A /* Chapter8_ja.html */,
				6C5A4D4425C68CE1003F2D6A /* Chapter8.html */,
				6C5A4D5F25C68DD6003F2D6A /* apps.css */,
				6C5A4D6225C68DEF003F2D6A /* style.css */,
			);
			path = docs;
			sourceTree = "<group>";
		};
		6C5A4D6525C68E33003F2D6A /* img */ = {
			isa = PBXGroup;
			children = (
				6C5A4E2625C7E294003F2D6A /* ScreenShot6_ja.jpeg */,
				6C5A4E2725C7E294003F2D6A /* ScreenShot6.jpeg */,
				6C5A4E2525C7E294003F2D6A /* ScreenShot10_ja.jpeg */,
				6C5A4E2825C7E294003F2D6A /* ScreenShot10.jpeg */,
				6C5A4E0425C7E100003F2D6A /* ScreenShot1_ja.jpeg */,
				6C5A4E0925C7E100003F2D6A /* ScreenShot1.jpeg */,
				6C5A4E0725C7E100003F2D6A /* ScreenShot2_ja.jpeg */,
				6C5A4DFC25C7E0FF003F2D6A /* ScreenShot2.jpeg */,
				6C5A4E0325C7E100003F2D6A /* ScreenShot3_ja.jpeg */,
				6C5A4E0C25C7E100003F2D6A /* ScreenShot3.jpeg */,
				6C5A4E0A25C7E100003F2D6A /* ScreenShot4_ja.jpeg */,
				6C5A4E0525C7E100003F2D6A /* ScreenShot4.jpeg */,
				6C5A4DFA25C7E0FF003F2D6A /* ScreenShot5_ja.jpeg */,
				6C5A4E0B25C7E100003F2D6A /* ScreenShot5.jpeg */,
				6C5A4DFE25C7E100003F2D6A /* ScreenShot7_ja.jpeg */,
				6C5A4E0D25C7E100003F2D6A /* ScreenShot7.jpeg */,
				6C5A4E0825C7E100003F2D6A /* ScreenShot8_ja.jpeg */,
				6C5A4E0625C7E100003F2D6A /* ScreenShot8.jpeg */,
				6C5A4DFD25C7E0FF003F2D6A /* ScreenShot9_ja.jpeg */,
				6C5A4DFB25C7E0FF003F2D6A /* ScreenShot9.jpeg */,
				6C5A4D7D25C68E67003F2D6A /* AboutApp.001.jpeg */,
				6C5A4D7325C68E67003F2D6A /* AboutApp.002.jpeg */,
				6C5A4D7925C68E67003F2D6A /* AppStore_JP.svg */,
				6C5A4D7B25C68E67003F2D6A /* AppStore_US.svg */,
				6C5A4D6E25C68E66003F2D6A /* Blocking.png */,
				6C5A4D7225C68E67003F2D6A /* Check.png */,
				6C5A4D7525C68E67003F2D6A /* ClientSocket.png */,
				6C5A4D6925C68E66003F2D6A /* Connected.png */,
				6C5A4D7625C68E67003F2D6A /* ConnectError.png */,
				6C5A4D6F25C68E66003F2D6A /* ConnectInProgress.png */,
				6C5A4D6C25C68E66003F2D6A /* ConnectionStatus.001.jpeg */,
				6C5A4D6D25C68E66003F2D6A /* home.svg */,
				6C5A4D7725C68E67003F2D6A /* Idle.png */,
				6C5A4D7825C68E67003F2D6A /* Listening.png */,
				6C5A4D7025C68E66003F2D6A /* mark-github.svg */,
				6C5A4D7C25C68E67003F2D6A /* NonBlocking.png */,
				6C5A4D6B25C68E66003F2D6A /* question.svg */,
				6C5A4D7A25C68E67003F2D6A /* ServerSocket.png */,
				6C5A4D6A25C68E66003F2D6A /* ShutdownRd.png */,
				6C5A4D7125C68E67003F2D6A /* ShutdownRdWr.png */,
				6C5A4D7425C68E67003F2D6A /* ShutdownWr.png */,
				6C5A4D6625C68E4A003F2D6A /* SocTest_splash.png */,
			);
			path = img;
			sourceTree = "<group>";
		};
		6C5A4D9D25C6912E003F2D6A /* LibSoc */ = {
			isa = PBXGroup;
			children = (
				6C5A4DB425C6928E003F2D6A /* SocSocket.swift */,
				6C5A4DA525C691CF003F2D6A /* SocAddress.swift */,
				6C5A4DB125C69270003F2D6A /* SocOptval.swift */,
				6C5A4DA825C691F8003F2D6A /* SocCmsg.swift */,
				6C5A4DAB25C69229003F2D6A /* SocError.swift */,
				6C5A4DAE25C69251003F2D6A /* SocLogger.swift */,
				6C5A4DA225C69197003F2D6A /* icmp.swift */,
				6C5A4D9E25C69153003F2D6A /* Data+Extension.swift */,
				6C5A4DBA25C692DA003F2D6A /* UInt8+Extension.swift */,
				6C5A4DB725C692B8003F2D6A /* String+Extension.swift */,
			);
			path = LibSoc;
			sourceTree = "<group>";
		};
/* End PBXGroup section */

/* Begin PBXNativeTarget section */
		6C5A4CFC25C6894E003F2D6A /* SocTest */ = {
			isa = PBXNativeTarget;
			buildConfigurationList = 6C5A4D1125C68950003F2D6A /* Build configuration list for PBXNativeTarget "SocTest" */;
			buildPhases = (
				6C5A4CF925C6894E003F2D6A /* Sources */,
				6C5A4CFA25C6894E003F2D6A /* Frameworks */,
				6C5A4CFB25C6894E003F2D6A /* Resources */,
			);
			buildRules = (
			);
			dependencies = (
			);
			name = SocTest;
			productName = SocTest;
			productReference = 6C5A4CFD25C6894E003F2D6A /* SocTest.app */;
			productType = "com.apple.product-type.application";
		};
/* End PBXNativeTarget section */

/* Begin PBXProject section */
		6C5A4CF525C6894E003F2D6A /* Project object */ = {
			isa = PBXProject;
			attributes = {
				LastSwiftUpdateCheck = 1240;
				LastUpgradeCheck = 1240;
				TargetAttributes = {
					6C5A4CFC25C6894E003F2D6A = {
						CreatedOnToolsVersion = 12.4;
						LastSwiftMigration = 1240;
					};
				};
			};
			buildConfigurationList = 6C5A4CF825C6894E003F2D6A /* Build configuration list for PBXProject "SocTest" */;
			compatibilityVersion = "Xcode 9.3";
			developmentRegion = en;
			hasScannedForEncodings = 0;
			knownRegions = (
				en,
				Base,
				ja,
			);
			mainGroup = 6C5A4CF425C6894E003F2D6A;
			productRefGroup = 6C5A4CFE25C6894E003F2D6A /* Products */;
			projectDirPath = "";
			projectRoot = "";
			targets = (
				6C5A4CFC25C6894E003F2D6A /* SocTest */,
			);
		};
/* End PBXProject section */

/* Begin PBXResourcesBuildPhase section */
		6C5A4CFB25C6894E003F2D6A /* Resources */ = {
			isa = PBXResourcesBuildPhase;
			buildActionMask = 2147483647;
			files = (
				6C5A4D3625C68C60003F2D6A /* Chapter6_ja.html in Resources */,
				6C5A4D4B25C68D13003F2D6A /* help.html in Resources */,
				6C5A4D9125C68E67003F2D6A /* NonBlocking.png in Resources */,
				6C5A4D8125C68E67003F2D6A /* ConnectionStatus.001.jpeg in Resources */,
				6C5A4E2025C7E100003F2D6A /* ScreenShot3.jpeg in Resources */,
				6C5A4E1025C7E100003F2D6A /* ScreenShot2.jpeg in Resources */,
				6C5A4D6725C68E4A003F2D6A /* SocTest_splash.png in Resources */,
				6C5A4D8325C68E67003F2D6A /* Blocking.png in Resources */,
				6C5A4E1E25C7E100003F2D6A /* ScreenShot4_ja.jpeg in Resources */,
				6C5A4D8625C68E67003F2D6A /* ShutdownRdWr.png in Resources */,
				6C5A4D5125C68D48003F2D6A /* index.html in Resources */,
				6C5A4E2A25C7E294003F2D6A /* ScreenShot6_ja.jpeg in Resources */,
				6C5A4E2C25C7E294003F2D6A /* ScreenShot10.jpeg in Resources */,
				6C5A4D6025C68DD6003F2D6A /* apps.css in Resources */,
				6C5A4D9725C68FE6003F2D6A /* Localizable.strings in Resources */,
				6C5A4D2725C68BDE003F2D6A /* Chapter3.html in Resources */,
				6C5A4D1E25C68B68003F2D6A /* Chapter2_ja.html in Resources */,
				6C5A4D2A25C68BF7003F2D6A /* Chapter4_ja.html in Resources */,
				6C5A4D9025C68E67003F2D6A /* AppStore_US.svg in Resources */,
				6C5A4D3F25C68CB1003F2D6A /* Chapter7.html in Resources */,
				6C5A4D9225C68E67003F2D6A /* AboutApp.001.jpeg in Resources */,
				6C5A4D5D25C68DB6003F2D6A /* TermsOfService.html in Resources */,
				6C5A4E1C25C7E100003F2D6A /* ScreenShot8_ja.jpeg in Resources */,
				6C5A4E1825C7E100003F2D6A /* ScreenShot1_ja.jpeg in Resources */,
				6C5A4E0E25C7E100003F2D6A /* ScreenShot5_ja.jpeg in Resources */,
				6C5A4D0D25C68950003F2D6A /* LaunchScreen.storyboard in Resources */,
				6C5A4E1925C7E100003F2D6A /* ScreenShot4.jpeg in Resources */,
				6C5A4D5425C68D63003F2D6A /* PrivacyPolicy_ja.html in Resources */,
				6C5A4E1725C7E100003F2D6A /* ScreenShot3_ja.jpeg in Resources */,
				6C5A4D1725C68B15003F2D6A /* Chapter1_ja.html in Resources */,
				6C5A4D3025C68C2B003F2D6A /* Chapter5_ja.html in Resources */,
				6C5A4D4225C68CC9003F2D6A /* Chapter8_ja.html in Resources */,
				6C5A4E1125C7E100003F2D6A /* ScreenShot9_ja.jpeg in Resources */,
				6C5A4D8725C68E67003F2D6A /* Check.png in Resources */,
				6C5A4D8F25C68E67003F2D6A /* ServerSocket.png in Resources */,
				6C5A4D8425C68E67003F2D6A /* ConnectInProgress.png in Resources */,
				6C5A4D8025C68E67003F2D6A /* question.svg in Resources */,
				6C5A4D8A25C68E67003F2D6A /* ClientSocket.png in Resources */,
				6C5A4D8225C68E67003F2D6A /* home.svg in Resources */,
				6C5A4D8D25C68E67003F2D6A /* Listening.png in Resources */,
				6C5A4D5A25C68D99003F2D6A /* TermsOfService_ja.html in Resources */,
				6C5A4E1D25C7E100003F2D6A /* ScreenShot1.jpeg in Resources */,
				6C5A4D3325C68C4A003F2D6A /* Chapter5.html in Resources */,
				6C5A4D8525C68E67003F2D6A /* mark-github.svg in Resources */,
				6C5A4D4825C68CFA003F2D6A /* help_ja.html in Resources */,
				6C5A4D8C25C68E67003F2D6A /* Idle.png in Resources */,
				6C5A4D4E25C68D2C003F2D6A /* index_ja.html in Resources */,
				6C5A4D7F25C68E67003F2D6A /* ShutdownRd.png in Resources */,
				6C5A4E1225C7E100003F2D6A /* ScreenShot7_ja.jpeg in Resources */,
				6C5A4D2125C68B83003F2D6A /* Chapter2.html in Resources */,
				6C5A4D3925C68C78003F2D6A /* Chapter6.html in Resources */,
				6C5A4D5725C68D7F003F2D6A /* PrivacyPolicy.html in Resources */,
				6C5A4E1B25C7E100003F2D6A /* ScreenShot2_ja.jpeg in Resources */,
				6C5A4D0A25C68950003F2D6A /* Preview Assets.xcassets in Resources */,
				6C5A4D8E25C68E67003F2D6A /* AppStore_JP.svg in Resources */,
				6C5A4E2B25C7E294003F2D6A /* ScreenShot6.jpeg in Resources */,
				6C5A4D3C25C68C96003F2D6A /* Chapter7_ja.html in Resources */,
				6C5A4D0725C68950003F2D6A /* Assets.xcassets in Resources */,
				6C5A4D8925C68E67003F2D6A /* ShutdownWr.png in Resources */,
				6C5A4E1F25C7E100003F2D6A /* ScreenShot5.jpeg in Resources */,
				6C5A4D4525C68CE1003F2D6A /* Chapter8.html in Resources */,
				6C5A4D6325C68DEF003F2D6A /* style.css in Resources */,
				6C5A4E0F25C7E100003F2D6A /* ScreenShot9.jpeg in Resources */,
				6C5A4D8825C68E67003F2D6A /* AboutApp.002.jpeg in Resources */,
				6C5A4E2125C7E100003F2D6A /* ScreenShot7.jpeg in Resources */,
				6C5A4E1A25C7E100003F2D6A /* ScreenShot8.jpeg in Resources */,
				6C5A4D8B25C68E67003F2D6A /* ConnectError.png in Resources */,
				6C5A4D1B25C68B3E003F2D6A /* Chapter1.html in Resources */,
				6C5A4D7E25C68E67003F2D6A /* Connected.png in Resources */,
				6C5A4E2925C7E294003F2D6A /* ScreenShot10_ja.jpeg in Resources */,
				6C5A4D2D25C68C10003F2D6A /* Chapter4.html in Resources */,
				6C5A4D2425C68BA5003F2D6A /* Chapter3_ja.html in Resources */,
			);
			runOnlyForDeploymentPostprocessing = 0;
		};
/* End PBXResourcesBuildPhase section */

/* Begin PBXSourcesBuildPhase section */
		6C5A4CF925C6894E003F2D6A /* Sources */ = {
			isa = PBXSourcesBuildPhase;
			buildActionMask = 2147483647;
			files = (
				6C5A4DC625C69373003F2D6A /* SocTestAddressRow.swift in Sources */,
				6C5A4DAC25C69229003F2D6A /* SocError.swift in Sources */,
				6C5A4DBB25C692DA003F2D6A /* UInt8+Extension.swift in Sources */,
				6C5A4DED25C694D8003F2D6A /* SocTestScreen.swift in Sources */,
				6C5A4DDE25C69456003F2D6A /* SocTestIOData.swift in Sources */,
				6C5A4DB225C69270003F2D6A /* SocOptval.swift in Sources */,
				6C5A4DB525C6928E003F2D6A /* SocSocket.swift in Sources */,
				6C5A4DE725C694A7003F2D6A /* SocTestMenu.swift in Sources */,
				6C5A4DC325C6934E003F2D6A /* SocTestAddressManager.swift in Sources */,
				6C5A4D0125C6894F003F2D6A /* AppDelegate.swift in Sources */,
				6C5A4DD525C69405003F2D6A /* SocTestInterface.swift in Sources */,
				6C5A4DCC25C693B5003F2D6A /* SocTestError.swift in Sources */,
				6C5A4DD225C693E9003F2D6A /* SocTestFunction.swift in Sources */,
				6C5A4DF025C694F6003F2D6A /* SocTestSharedObject.swift in Sources */,
				6C5A4DC925C69397003F2D6A /* SocTestCommonRow.swift in Sources */,
				6C5A4DB825C692B8003F2D6A /* String+Extension.swift in Sources */,
				6C5A4D9F25C69153003F2D6A /* Data+Extension.swift in Sources */,
				6C5A4DA925C691F8003F2D6A /* SocCmsg.swift in Sources */,
				6C5A4DE125C69473003F2D6A /* SocTestIODataManager.swift in Sources */,
				6C5A4DF325C69512003F2D6A /* SocTestSocketSimulator.swift in Sources */,
				6C5A4DA625C691CF003F2D6A /* SocAddress.swift in Sources */,
				6C5A4D0325C6894F003F2D6A /* SceneDelegate.swift in Sources */,
				6C5A4D0525C6894F003F2D6A /* ContentView.swift in Sources */,
				6C5A4DCF25C693CF003F2D6A /* SocTestFullView.swift in Sources */,
				6C5A4DE425C6948F003F2D6A /* SocTestIODataRow.swift in Sources */,
				6C5A4DEA25C694C0003F2D6A /* SocTestOption.swift in Sources */,
				6C5A4DA325C69197003F2D6A /* icmp.swift in Sources */,
				6C5A4DDB25C69439003F2D6A /* SocTestIO.swift in Sources */,
				6C5A4DAF25C69251003F2D6A /* SocLogger.swift in Sources */,
				6C5A4DD825C69421003F2D6A /* SocTestInterfaceConfiguration.swift in Sources */,
			);
			runOnlyForDeploymentPostprocessing = 0;
		};
/* End PBXSourcesBuildPhase section */

/* Begin PBXVariantGroup section */
		6C5A4D0B25C68950003F2D6A /* LaunchScreen.storyboard */ = {
			isa = PBXVariantGroup;
			children = (
				6C5A4D0C25C68950003F2D6A /* Base */,
			);
			name = LaunchScreen.storyboard;
			sourceTree = "<group>";
		};
		6C5A4D9925C68FE6003F2D6A /* Localizable.strings */ = {
			isa = PBXVariantGroup;
			children = (
				6C5A4D9825C68FE6003F2D6A /* en */,
				6C5A4D9B25C69016003F2D6A /* ja */,
			);
			name = Localizable.strings;
			sourceTree = "<group>";
		};
/* End PBXVariantGroup section */

/* Begin XCBuildConfiguration section */
		6C5A4D0F25C68950003F2D6A /* Debug */ = {
			isa = XCBuildConfiguration;
			buildSettings = {
				ALWAYS_SEARCH_USER_PATHS = NO;
				CLANG_ANALYZER_LOCALIZABILITY_NONLOCALIZED = YES;
				CLANG_ANALYZER_NONNULL = YES;
				CLANG_ANALYZER_NUMBER_OBJECT_CONVERSION = YES_AGGRESSIVE;
				CLANG_CXX_LANGUAGE_STANDARD = "gnu++14";
				CLANG_CXX_LIBRARY = "libc++";
				CLANG_ENABLE_MODULES = YES;
				CLANG_ENABLE_OBJC_ARC = YES;
				CLANG_ENABLE_OBJC_WEAK = YES;
				CLANG_WARN_BLOCK_CAPTURE_AUTORELEASING = YES;
				CLANG_WARN_BOOL_CONVERSION = YES;
				CLANG_WARN_COMMA = YES;
				CLANG_WARN_CONSTANT_CONVERSION = YES;
				CLANG_WARN_DEPRECATED_OBJC_IMPLEMENTATIONS = YES;
				CLANG_WARN_DIRECT_OBJC_ISA_USAGE = YES_ERROR;
				CLANG_WARN_DOCUMENTATION_COMMENTS = YES;
				CLANG_WARN_EMPTY_BODY = YES;
				CLANG_WARN_ENUM_CONVERSION = YES;
				CLANG_WARN_INFINITE_RECURSION = YES;
				CLANG_WARN_INT_CONVERSION = YES;
				CLANG_WARN_NON_LITERAL_NULL_CONVERSION = YES;
				CLANG_WARN_OBJC_IMPLICIT_RETAIN_SELF = YES;
				CLANG_WARN_OBJC_LITERAL_CONVERSION = YES;
				CLANG_WARN_OBJC_ROOT_CLASS = YES_ERROR;
				CLANG_WARN_QUOTED_INCLUDE_IN_FRAMEWORK_HEADER = YES;
				CLANG_WARN_RANGE_LOOP_ANALYSIS = YES;
				CLANG_WARN_STRICT_PROTOTYPES = YES;
				CLANG_WARN_SUSPICIOUS_MOVE = YES;
				CLANG_WARN_UNGUARDED_AVAILABILITY = YES_AGGRESSIVE;
				CLANG_WARN_UNREACHABLE_CODE = YES;
				CLANG_WARN__DUPLICATE_METHOD_MATCH = YES;
				COPY_PHASE_STRIP = NO;
				DEBUG_INFORMATION_FORMAT = dwarf;
				ENABLE_STRICT_OBJC_MSGSEND = YES;
				ENABLE_TESTABILITY = YES;
				GCC_C_LANGUAGE_STANDARD = gnu11;
				GCC_DYNAMIC_NO_PIC = NO;
				GCC_NO_COMMON_BLOCKS = YES;
				GCC_OPTIMIZATION_LEVEL = 0;
				GCC_PREPROCESSOR_DEFINITIONS = (
					"DEBUG=1",
					"$(inherited)",
				);
				GCC_WARN_64_TO_32_BIT_CONVERSION = YES;
				GCC_WARN_ABOUT_RETURN_TYPE = YES_ERROR;
				GCC_WARN_UNDECLARED_SELECTOR = YES;
				GCC_WARN_UNINITIALIZED_AUTOS = YES_AGGRESSIVE;
				GCC_WARN_UNUSED_FUNCTION = YES;
				GCC_WARN_UNUSED_VARIABLE = YES;
				IPHONEOS_DEPLOYMENT_TARGET = 14.1;
				MTL_ENABLE_DEBUG_INFO = INCLUDE_SOURCE;
				MTL_FAST_MATH = YES;
				ONLY_ACTIVE_ARCH = YES;
				SDKROOT = iphoneos;
				SWIFT_ACTIVE_COMPILATION_CONDITIONS = DEBUG;
				SWIFT_OPTIMIZATION_LEVEL = "-Onone";
			};
			name = Debug;
		};
		6C5A4D1025C68950003F2D6A /* Release */ = {
			isa = XCBuildConfiguration;
			buildSettings = {
				ALWAYS_SEARCH_USER_PATHS = NO;
				CLANG_ANALYZER_LOCALIZABILITY_NONLOCALIZED = YES;
				CLANG_ANALYZER_NONNULL = YES;
				CLANG_ANALYZER_NUMBER_OBJECT_CONVERSION = YES_AGGRESSIVE;
				CLANG_CXX_LANGUAGE_STANDARD = "gnu++14";
				CLANG_CXX_LIBRARY = "libc++";
				CLANG_ENABLE_MODULES = YES;
				CLANG_ENABLE_OBJC_ARC = YES;
				CLANG_ENABLE_OBJC_WEAK = YES;
				CLANG_WARN_BLOCK_CAPTURE_AUTORELEASING = YES;
				CLANG_WARN_BOOL_CONVERSION = YES;
				CLANG_WARN_COMMA = YES;
				CLANG_WARN_CONSTANT_CONVERSION = YES;
				CLANG_WARN_DEPRECATED_OBJC_IMPLEMENTATIONS = YES;
				CLANG_WARN_DIRECT_OBJC_ISA_USAGE = YES_ERROR;
				CLANG_WARN_DOCUMENTATION_COMMENTS = YES;
				CLANG_WARN_EMPTY_BODY = YES;
				CLANG_WARN_ENUM_CONVERSION = YES;
				CLANG_WARN_INFINITE_RECURSION = YES;
				CLANG_WARN_INT_CONVERSION = YES;
				CLANG_WARN_NON_LITERAL_NULL_CONVERSION = YES;
				CLANG_WARN_OBJC_IMPLICIT_RETAIN_SELF = YES;
				CLANG_WARN_OBJC_LITERAL_CONVERSION = YES;
				CLANG_WARN_OBJC_ROOT_CLASS = YES_ERROR;
				CLANG_WARN_QUOTED_INCLUDE_IN_FRAMEWORK_HEADER = YES;
				CLANG_WARN_RANGE_LOOP_ANALYSIS = YES;
				CLANG_WARN_STRICT_PROTOTYPES = YES;
				CLANG_WARN_SUSPICIOUS_MOVE = YES;
				CLANG_WARN_UNGUARDED_AVAILABILITY = YES_AGGRESSIVE;
				CLANG_WARN_UNREACHABLE_CODE = YES;
				CLANG_WARN__DUPLICATE_METHOD_MATCH = YES;
				COPY_PHASE_STRIP = NO;
				DEBUG_INFORMATION_FORMAT = "dwarf-with-dsym";
				ENABLE_NS_ASSERTIONS = NO;
				ENABLE_STRICT_OBJC_MSGSEND = YES;
				GCC_C_LANGUAGE_STANDARD = gnu11;
				GCC_NO_COMMON_BLOCKS = YES;
				GCC_WARN_64_TO_32_BIT_CONVERSION = YES;
				GCC_WARN_ABOUT_RETURN_TYPE = YES_ERROR;
				GCC_WARN_UNDECLARED_SELECTOR = YES;
				GCC_WARN_UNINITIALIZED_AUTOS = YES_AGGRESSIVE;
				GCC_WARN_UNUSED_FUNCTION = YES;
				GCC_WARN_UNUSED_VARIABLE = YES;
				IPHONEOS_DEPLOYMENT_TARGET = 14.1;
				MTL_ENABLE_DEBUG_INFO = NO;
				MTL_FAST_MATH = YES;
				SDKROOT = iphoneos;
				SWIFT_COMPILATION_MODE = wholemodule;
				SWIFT_OPTIMIZATION_LEVEL = "-O";
				VALIDATE_PRODUCT = YES;
			};
			name = Release;
		};
		6C5A4D1225C68950003F2D6A /* Debug */ = {
			isa = XCBuildConfiguration;
			buildSettings = {
				ASSETCATALOG_COMPILER_APPICON_NAME = AppIcon;
				ASSETCATALOG_COMPILER_GLOBAL_ACCENT_COLOR_NAME = AccentColor;
				CLANG_ENABLE_MODULES = YES;
				CODE_SIGN_STYLE = Automatic;
				DEVELOPMENT_ASSET_PATHS = "\"SocTest/Preview Content\"";
				DEVELOPMENT_TEAM = DG8D574ZV8;
				ENABLE_PREVIEWS = YES;
				INFOPLIST_FILE = SocTest/Info.plist;
				LD_RUNPATH_SEARCH_PATHS = (
					"$(inherited)",
					"@executable_path/Frameworks",
				);
				PRODUCT_BUNDLE_IDENTIFIER = manabapp.SocTest;
				PRODUCT_NAME = "$(TARGET_NAME)";
				SWIFT_OBJC_BRIDGING_HEADER = "SocTest/SocTest-Bridging-Header.h";
				SWIFT_OPTIMIZATION_LEVEL = "-Onone";
				SWIFT_VERSION = 5.0;
				TARGETED_DEVICE_FAMILY = 1;
			};
			name = Debug;
		};
		6C5A4D1325C68950003F2D6A /* Release */ = {
			isa = XCBuildConfiguration;
			buildSettings = {
				ASSETCATALOG_COMPILER_APPICON_NAME = AppIcon;
				ASSETCATALOG_COMPILER_GLOBAL_ACCENT_COLOR_NAME = AccentColor;
				CLANG_ENABLE_MODULES = YES;
				CODE_SIGN_STYLE = Automatic;
				DEVELOPMENT_ASSET_PATHS = "\"SocTest/Preview Content\"";
				DEVELOPMENT_TEAM = DG8D574ZV8;
				ENABLE_PREVIEWS = YES;
				INFOPLIST_FILE = SocTest/Info.plist;
				LD_RUNPATH_SEARCH_PATHS = (
					"$(inherited)",
					"@executable_path/Frameworks",
				);
				PRODUCT_BUNDLE_IDENTIFIER = manabapp.SocTest;
				PRODUCT_NAME = "$(TARGET_NAME)";
				SWIFT_OBJC_BRIDGING_HEADER = "SocTest/SocTest-Bridging-Header.h";
				SWIFT_VERSION = 5.0;
				TARGETED_DEVICE_FAMILY = 1;
			};
			name = Release;
		};
/* End XCBuildConfiguration section */

/* Begin XCConfigurationList section */
		6C5A4CF825C6894E003F2D6A /* Build configuration list for PBXProject "SocTest" */ = {
			isa = XCConfigurationList;
			buildConfigurations = (
				6C5A4D0F25C68950003F2D6A /* Debug */,
				6C5A4D1025C68950003F2D6A /* Release */,
			);
			defaultConfigurationIsVisible = 0;
			defaultConfigurationName = Release;
		};
		6C5A4D1125C68950003F2D6A /* Build configuration list for PBXNativeTarget "SocTest" */ = {
			isa = XCConfigurationList;
			buildConfigurations = (
				6C5A4D1225C68950003F2D6A /* Debug */,
				6C5A4D1325C68950003F2D6A /* Release */,
			);
			defaultConfigurationIsVisible = 0;
			defaultConfigurationName = Release;
		};
/* End XCConfigurationList section */
	};
	rootObject = 6C5A4CF525C6894E003F2D6A /* Project object */;
}
